
Microsoft Visual Studio Solution File, Format Version 9.00
# Visual Studio 2005
Project("{8BC9CEB8-8B4A-11D0-8D11-00A0C91BC942}") = "Svr_intf2003", "Svr_intf2003.vcproj", "{D8B0398D-03E5-48F8-A110-691BCD95DE94}"
EndProject
Global
	GlobalSection(SolutionConfigurationPlatforms) = preSolution
		Debug|Win32 = Debug|Win32
		Release|Win32 = Release|Win32
	EndGlobalSection
	GlobalSection(ProjectConfigurationPlatforms) = postSolution
		{D8B0398D-03E5-48F8-A110-691BCD95DE94}.Debug|Win32.ActiveCfg = Debug|Win32
		{D8B0398D-03E5-48F8-A110-691BCD95DE94}.Debug|Win32.Build.0 = Debug|Win32
		{D8B0398D-03E5-48F8-A110-691BCD95DE94}.Release|Win32.ActiveCfg = Release|Win32
		{D8B0398D-03E5-48F8-A110-691BCD95DE94}.Release|Win32.Build.0 = Release|Win32
	EndGlobalSection
	GlobalSection(SolutionProperties) = preSolution
		HideSolutionNode = FALSE
	EndGlobalSection
EndGlobal
